
Microsoft Visual Studio Solution File, Format Version 12.00
# Visual Studio Version 16
VisualStudioVersion = 16.0.31829.152
MinimumVisualStudioVersion = 10.0.40219.1
Project("{9A19103F-16F7-4668-BE54-9A1E7A4F7556}") = "DiscordBotTest", "DiscordBotTest\DiscordBotTest.csproj", "{A2BFFB5A-0867-41D8-AD04-0848E996941C}"
EndProject
Project("{FAE04EC0-301F-11D3-BF4B-00C04F79EFBC}") = "DiscordBot.UnitTests", "DiscordBot.UnitTests\DiscordBot.UnitTests.csproj", "{8CB30D9A-9482-415F-8289-43CF654E0D94}"
EndProject
Global
	GlobalSection(SolutionConfigurationPlatforms) = preSolution
		Debug|Any CPU = Debug|Any CPU
		Release|Any CPU = Release|Any CPU
	EndGlobalSection
	GlobalSection(ProjectConfigurationPlatforms) = postSolution
		{A2BFFB5A-0867-41D8-AD04-0848E996941C}.Debug|Any CPU.ActiveCfg = Debug|Any CPU
		{A2BFFB5A-0867-41D8-AD04-0848E996941C}.Debug|Any CPU.Build.0 = Debug|Any CPU
		{A2BFFB5A-0867-41D8-AD04-0848E996941C}.Release|Any CPU.ActiveCfg = Release|Any CPU
		{A2BFFB5A-0867-41D8-AD04-0848E996941C}.Release|Any CPU.Build.0 = Release|Any CPU
		{8CB30D9A-9482-415F-8289-43CF654E0D94}.Debug|Any CPU.ActiveCfg = Debug|Any CPU
		{8CB30D9A-9482-415F-8289-43CF654E0D94}.Debug|Any CPU.Build.0 = Debug|Any CPU
		{8CB30D9A-9482-415F-8289-43CF654E0D94}.Release|Any CPU.ActiveCfg = Release|Any CPU
		{8CB30D9A-9482-415F-8289-43CF654E0D94}.Release|Any CPU.Build.0 = Release|Any CPU
	EndGlobalSection
	GlobalSection(SolutionProperties) = preSolution
		HideSolutionNode = FALSE
	EndGlobalSection
	GlobalSection(ExtensibilityGlobals) = postSolution
		SolutionGuid = {64DB3108-0FF5-4CEB-ABAF-01172E625AC7}
	EndGlobalSection
EndGlobal
